
Microsoft Visual Studio Solution File, Format Version 12.00
# Visual Studio Version 17
VisualStudioVersion = 17.4.33122.133
MinimumVisualStudioVersion = 10.0.40219.1
Project("{FAE04EC0-301F-11D3-BF4B-00C04F79EFBC}") = "Finger-Print-WebApi", "Finger-Print-WebApi\Finger-Print-WebApi.csproj", "{8A0D9983-EB5F-4589-BE11-A41A4CA1A935}"
EndProject
Global
	GlobalSection(SolutionConfigurationPlatforms) = preSolution
		Debug|Any CPU = Debug|Any CPU
		Release|Any CPU = Release|Any CPU
	EndGlobalSection
	GlobalSection(ProjectConfigurationPlatforms) = postSolution
		{8A0D9983-EB5F-4589-BE11-A41A4CA1A935}.Debug|Any CPU.ActiveCfg = Debug|Any CPU
		{8A0D9983-EB5F-4589-BE11-A41A4CA1A935}.Debug|Any CPU.Build.0 = Debug|Any CPU
		{8A0D9983-EB5F-4589-BE11-A41A4CA1A935}.Release|Any CPU.ActiveCfg = Release|Any CPU
		{8A0D9983-EB5F-4589-BE11-A41A4CA1A935}.Release|Any CPU.Build.0 = Release|Any CPU
	EndGlobalSection
	GlobalSection(SolutionProperties) = preSolution
		HideSolutionNode = FALSE
	EndGlobalSection
	GlobalSection(ExtensibilityGlobals) = postSolution
		SolutionGuid = {6F4BCAB2-CEBC-4739-BF56-B2E660A9CE57}
	EndGlobalSection
EndGlobal
